
Microsoft Visual Studio Solution File, Format Version 12.00
# Visual Studio Version 17
VisualStudioVersion = 17.5.33414.496
MinimumVisualStudioVersion = 10.0.40219.1
Project("{FAE04EC0-301F-11D3-BF4B-00C04F79EFBC}") = "WareHouseManagementSystemForClient", "WareHouseManagementSystemForClient\WareHouseManagementSystemForClient.csproj", "{CA31DDB2-A14B-4B38-85E9-0A21DC721D55}"
EndProject
Project("{FAE04EC0-301F-11D3-BF4B-00C04F79EFBC}") = "WareHouseManagementSystemForClient.Model", "WareHouseManagementSystemForClient.Model\WareHouseManagementSystemForClient.Model.csproj", "{3E7B363F-E306-4C56-9E9E-E686E5E75346}"
EndProject
Project("{FAE04EC0-301F-11D3-BF4B-00C04F79EFBC}") = "WareHouseManagementSystemForClient.DbContext", "WareHouseManagementSystemForClient.DbContext\WareHouseManagementSystemForClient.DbContext.csproj", "{23C20A38-F055-4469-8275-B0890442ADBC}"
EndProject
Project("{FAE04EC0-301F-11D3-BF4B-00C04F79EFBC}") = "WareHouseManagementSystemForClient.Repositories", "WareHouseManagementSystemForClient.Repositories\WareHouseManagementSystemForClient.Repositories.csproj", "{46074D35-729F-4094-BC92-E6BF417EBB7B}"
EndProject
Project("{FAE04EC0-301F-11D3-BF4B-00C04F79EFBC}") = "WareHousemanagementSystemForClient.Interfaces", "WareHousemanagementSystemForClient.Interfaces\WareHousemanagementSystemForClient.Interfaces.csproj", "{BD229D53-21DD-4224-A15C-B7AA4F5C13F5}"
EndProject
Global
	GlobalSection(SolutionConfigurationPlatforms) = preSolution
		Debug|Any CPU = Debug|Any CPU
		Release|Any CPU = Release|Any CPU
	EndGlobalSection
	GlobalSection(ProjectConfigurationPlatforms) = postSolution
		{CA31DDB2-A14B-4B38-85E9-0A21DC721D55}.Debug|Any CPU.ActiveCfg = Debug|Any CPU
		{CA31DDB2-A14B-4B38-85E9-0A21DC721D55}.Debug|Any CPU.Build.0 = Debug|Any CPU
		{CA31DDB2-A14B-4B38-85E9-0A21DC721D55}.Release|Any CPU.ActiveCfg = Release|Any CPU
		{CA31DDB2-A14B-4B38-85E9-0A21DC721D55}.Release|Any CPU.Build.0 = Release|Any CPU
		{3E7B363F-E306-4C56-9E9E-E686E5E75346}.Debug|Any CPU.ActiveCfg = Debug|Any CPU
		{3E7B363F-E306-4C56-9E9E-E686E5E75346}.Debug|Any CPU.Build.0 = Debug|Any CPU
		{3E7B363F-E306-4C56-9E9E-E686E5E75346}.Release|Any CPU.ActiveCfg = Release|Any CPU
		{3E7B363F-E306-4C56-9E9E-E686E5E75346}.Release|Any CPU.Build.0 = Release|Any CPU
		{23C20A38-F055-4469-8275-B0890442ADBC}.Debug|Any CPU.ActiveCfg = Debug|Any CPU
		{23C20A38-F055-4469-8275-B0890442ADBC}.Debug|Any CPU.Build.0 = Debug|Any CPU
		{23C20A38-F055-4469-8275-B0890442ADBC}.Release|Any CPU.ActiveCfg = Release|Any CPU
		{23C20A38-F055-4469-8275-B0890442ADBC}.Release|Any CPU.Build.0 = Release|Any CPU
		{46074D35-729F-4094-BC92-E6BF417EBB7B}.Debug|Any CPU.ActiveCfg = Debug|Any CPU
		{46074D35-729F-4094-BC92-E6BF417EBB7B}.Debug|Any CPU.Build.0 = Debug|Any CPU
		{46074D35-729F-4094-BC92-E6BF417EBB7B}.Release|Any CPU.ActiveCfg = Release|Any CPU
		{46074D35-729F-4094-BC92-E6BF417EBB7B}.Release|Any CPU.Build.0 = Release|Any CPU
		{BD229D53-21DD-4224-A15C-B7AA4F5C13F5}.Debug|Any CPU.ActiveCfg = Debug|Any CPU
		{BD229D53-21DD-4224-A15C-B7AA4F5C13F5}.Debug|Any CPU.Build.0 = Debug|Any CPU
		{BD229D53-21DD-4224-A15C-B7AA4F5C13F5}.Release|Any CPU.ActiveCfg = Release|Any CPU
		{BD229D53-21DD-4224-A15C-B7AA4F5C13F5}.Release|Any CPU.Build.0 = Release|Any CPU
	EndGlobalSection
	GlobalSection(SolutionProperties) = preSolution
		HideSolutionNode = FALSE
	EndGlobalSection
	GlobalSection(ExtensibilityGlobals) = postSolution
		SolutionGuid = {C29972AF-D205-4D46-87E4-BFA68DFD28ED}
	EndGlobalSection
EndGlobal
